// !$*UTF8*$!
{
	archiveVersion = 1;
	classes = {
	};
	objectVersion = 56;
	objects = {

/* Begin PBXBuildFile section */
		FA33078D2B025FD700105A26 /* words.json in Resources */ = {isa = PBXBuildFile; fileRef = FA33078C2B025FD700105A26 /* words.json */; };
		FA3307922B0260D800105A26 /* DashboardInput.swift in Sources */ = {isa = PBXBuildFile; fileRef = FA3307912B0260D800105A26 /* DashboardInput.swift */; };
		FA3307942B0260F200105A26 /* DashboardOutput.swift in Sources */ = {isa = PBXBuildFile; fileRef = FA3307932B0260F200105A26 /* DashboardOutput.swift */; };
		FA3307962B02616B00105A26 /* DashboardConfigurator.swift in Sources */ = {isa = PBXBuildFile; fileRef = FA3307952B02616B00105A26 /* DashboardConfigurator.swift */; };
		FA3307982B02620B00105A26 /* DashboardView.swift in Sources */ = {isa = PBXBuildFile; fileRef = FA3307972B02620B00105A26 /* DashboardView.swift */; };
		FA3307A32B02682B00105A26 /* DashboardViewModel.swift in Sources */ = {isa = PBXBuildFile; fileRef = FA3307A22B02682B00105A26 /* DashboardViewModel.swift */; };
		FA4D34DF2B02A90400D3D6B2 /* TrainingWordsViewModel.swift in Sources */ = {isa = PBXBuildFile; fileRef = FA4D34DE2B02A90400D3D6B2 /* TrainingWordsViewModel.swift */; };
		FA4D34E12B02A95F00D3D6B2 /* TrainingWordsView.swift in Sources */ = {isa = PBXBuildFile; fileRef = FA4D34E02B02A95F00D3D6B2 /* TrainingWordsView.swift */; };
		FA4D34E32B02AE1900D3D6B2 /* TrainingWordsConfigurator.swift in Sources */ = {isa = PBXBuildFile; fileRef = FA4D34E22B02AE1900D3D6B2 /* TrainingWordsConfigurator.swift */; };
		FA4D34E52B02AE4600D3D6B2 /* TrainingWordsInput.swift in Sources */ = {isa = PBXBuildFile; fileRef = FA4D34E42B02AE4600D3D6B2 /* TrainingWordsInput.swift */; };
		FA4D34E72B02AE6B00D3D6B2 /* TrainingWordsOutput.swift in Sources */ = {isa = PBXBuildFile; fileRef = FA4D34E62B02AE6B00D3D6B2 /* TrainingWordsOutput.swift */; };
		FA4D34E92B02B73700D3D6B2 /* WordPairGenerator.swift in Sources */ = {isa = PBXBuildFile; fileRef = FA4D34E82B02B73700D3D6B2 /* WordPairGenerator.swift */; };
		FA4D34EB2B02B78500D3D6B2 /* WordPair.swift in Sources */ = {isa = PBXBuildFile; fileRef = FA4D34EA2B02B78500D3D6B2 /* WordPair.swift */; };
		FA4D34ED2B02BB9A00D3D6B2 /* TrainingWordsGameScore.swift in Sources */ = {isa = PBXBuildFile; fileRef = FA4D34EC2B02BB9A00D3D6B2 /* TrainingWordsGameScore.swift */; };
		FA4D34F32B03857D00D3D6B2 /* WordPairGeneratorTests.swift in Sources */ = {isa = PBXBuildFile; fileRef = FA4D34F22B03857D00D3D6B2 /* WordPairGeneratorTests.swift */; };
		FA4D34F52B03923500D3D6B2 /* TrainingWordsGame.swift in Sources */ = {isa = PBXBuildFile; fileRef = FA4D34F42B03923500D3D6B2 /* TrainingWordsGame.swift */; };
		FA4D34F72B039BFE00D3D6B2 /* TrainigWordsGameTests.swift in Sources */ = {isa = PBXBuildFile; fileRef = FA4D34F62B039BFE00D3D6B2 /* TrainigWordsGameTests.swift */; };
		FA4D34F92B039C5300D3D6B2 /* WordsListServiceMock.swift in Sources */ = {isa = PBXBuildFile; fileRef = FA4D34F82B039C5300D3D6B2 /* WordsListServiceMock.swift */; };
		FA4D34FB2B039CCF00D3D6B2 /* WordsPairGeneratorMock.swift in Sources */ = {isa = PBXBuildFile; fileRef = FA4D34FA2B039CCF00D3D6B2 /* WordsPairGeneratorMock.swift */; };
		FA4D34FD2B039DAF00D3D6B2 /* TrainingWordsGameOutputMock.swift in Sources */ = {isa = PBXBuildFile; fileRef = FA4D34FC2B039DAF00D3D6B2 /* TrainingWordsGameOutputMock.swift */; };
		FA4D34FF2B039EC900D3D6B2 /* WordListResponse+Stubs.swift in Sources */ = {isa = PBXBuildFile; fileRef = FA4D34FE2B039EC900D3D6B2 /* WordListResponse+Stubs.swift */; };
		FA4D35012B03A2FB00D3D6B2 /* TrainingWordsViewModelTests.swift in Sources */ = {isa = PBXBuildFile; fileRef = FA4D35002B03A2FB00D3D6B2 /* TrainingWordsViewModelTests.swift */; };
		FA4D35032B03A34700D3D6B2 /* TrainingWordGameMock.swift in Sources */ = {isa = PBXBuildFile; fileRef = FA4D35022B03A34700D3D6B2 /* TrainingWordGameMock.swift */; };
		FAD471932B013FB000C01009 /* AppDelegate.swift in Sources */ = {isa = PBXBuildFile; fileRef = FAD471922B013FB000C01009 /* AppDelegate.swift */; };
		FAD471952B013FB000C01009 /* SceneDelegate.swift in Sources */ = {isa = PBXBuildFile; fileRef = FAD471942B013FB000C01009 /* SceneDelegate.swift */; };
		FAD4719C2B013FB500C01009 /* Assets.xcassets in Resources */ = {isa = PBXBuildFile; fileRef = FAD4719B2B013FB500C01009 /* Assets.xcassets */; };
		FAD4719F2B013FB500C01009 /* LaunchScreen.storyboard in Resources */ = {isa = PBXBuildFile; fileRef = FAD4719D2B013FB500C01009 /* LaunchScreen.storyboard */; };
		FAE492212B014F9F008578BE /* WordListConfigurator.swift in Sources */ = {isa = PBXBuildFile; fileRef = FAE492202B014F9F008578BE /* WordListConfigurator.swift */; };
		FAE492272B01508B008578BE /* WordListService.swift in Sources */ = {isa = PBXBuildFile; fileRef = FAE492262B01508B008578BE /* WordListService.swift */; };
		FAE492292B0150D1008578BE /* WordListFileService.swift in Sources */ = {isa = PBXBuildFile; fileRef = FAE492282B0150D1008578BE /* WordListFileService.swift */; };
		FAE492322B0151DF008578BE /* Word.swift in Sources */ = {isa = PBXBuildFile; fileRef = FAE492312B0151DF008578BE /* Word.swift */; };
		FAE492342B0153E0008578BE /* WordListResponse.swift in Sources */ = {isa = PBXBuildFile; fileRef = FAE492332B0153E0008578BE /* WordListResponse.swift */; };
		FAE492382B015AD6008578BE /* WordListFileServiceTests.swift in Sources */ = {isa = PBXBuildFile; fileRef = FAE492372B015AD6008578BE /* WordListFileServiceTests.swift */; };
		FAE492402B016121008578BE /* words.json in Resources */ = {isa = PBXBuildFile; fileRef = FAE4923F2B016121008578BE /* words.json */; };
		FAE492432B016A03008578BE /* FileReader.swift in Sources */ = {isa = PBXBuildFile; fileRef = FAE492422B016A03008578BE /* FileReader.swift */; };
		FAE492462B016E20008578BE /* DefaultFileReaderTests.swift in Sources */ = {isa = PBXBuildFile; fileRef = FAE492452B016E1F008578BE /* DefaultFileReaderTests.swift */; };
		FAE492492B01711E008578BE /* FileReaderMock.swift in Sources */ = {isa = PBXBuildFile; fileRef = FAE492482B01711E008578BE /* FileReaderMock.swift */; };
		FAE492502B017320008578BE /* Word+Stubs.swift in Sources */ = {isa = PBXBuildFile; fileRef = FAE4924F2B017320008578BE /* Word+Stubs.swift */; };
/* End PBXBuildFile section */

/* Begin PBXContainerItemProxy section */
		FAD471A62B013FB500C01009 /* PBXContainerItemProxy */ = {
			isa = PBXContainerItemProxy;
			containerPortal = FAD471872B013FB000C01009 /* Project object */;
			proxyType = 1;
			remoteGlobalIDString = FAD4718E2B013FB000C01009;
			remoteInfo = TranslateChecker;
		};
/* End PBXContainerItemProxy section */

/* Begin PBXFileReference section */
		FA33078C2B025FD700105A26 /* words.json */ = {isa = PBXFileReference; fileEncoding = 4; lastKnownFileType = text.json; path = words.json; sourceTree = "<group>"; };
		FA3307912B0260D800105A26 /* DashboardInput.swift */ = {isa = PBXFileReference; lastKnownFileType = sourcecode.swift; path = DashboardInput.swift; sourceTree = "<group>"; };
		FA3307932B0260F200105A26 /* DashboardOutput.swift */ = {isa = PBXFileReference; lastKnownFileType = sourcecode.swift; path = DashboardOutput.swift; sourceTree = "<group>"; };
		FA3307952B02616B00105A26 /* DashboardConfigurator.swift */ = {isa = PBXFileReference; lastKnownFileType = sourcecode.swift; path = DashboardConfigurator.swift; sourceTree = "<group>"; };
		FA3307972B02620B00105A26 /* DashboardView.swift */ = {isa = PBXFileReference; lastKnownFileType = sourcecode.swift; path = DashboardView.swift; sourceTree = "<group>"; };
		FA3307A22B02682B00105A26 /* DashboardViewModel.swift */ = {isa = PBXFileReference; lastKnownFileType = sourcecode.swift; path = DashboardViewModel.swift; sourceTree = "<group>"; };
		FA4D34DE2B02A90400D3D6B2 /* TrainingWordsViewModel.swift */ = {isa = PBXFileReference; lastKnownFileType = sourcecode.swift; path = TrainingWordsViewModel.swift; sourceTree = "<group>"; };
		FA4D34E02B02A95F00D3D6B2 /* TrainingWordsView.swift */ = {isa = PBXFileReference; lastKnownFileType = sourcecode.swift; path = TrainingWordsView.swift; sourceTree = "<group>"; };
		FA4D34E22B02AE1900D3D6B2 /* TrainingWordsConfigurator.swift */ = {isa = PBXFileReference; lastKnownFileType = sourcecode.swift; path = TrainingWordsConfigurator.swift; sourceTree = "<group>"; };
		FA4D34E42B02AE4600D3D6B2 /* TrainingWordsInput.swift */ = {isa = PBXFileReference; lastKnownFileType = sourcecode.swift; path = TrainingWordsInput.swift; sourceTree = "<group>"; };
		FA4D34E62B02AE6B00D3D6B2 /* TrainingWordsOutput.swift */ = {isa = PBXFileReference; lastKnownFileType = sourcecode.swift; path = TrainingWordsOutput.swift; sourceTree = "<group>"; };
		FA4D34E82B02B73700D3D6B2 /* WordPairGenerator.swift */ = {isa = PBXFileReference; lastKnownFileType = sourcecode.swift; path = WordPairGenerator.swift; sourceTree = "<group>"; };
		FA4D34EA2B02B78500D3D6B2 /* WordPair.swift */ = {isa = PBXFileReference; lastKnownFileType = sourcecode.swift; path = WordPair.swift; sourceTree = "<group>"; };
		FA4D34EC2B02BB9A00D3D6B2 /* TrainingWordsGameScore.swift */ = {isa = PBXFileReference; lastKnownFileType = sourcecode.swift; path = TrainingWordsGameScore.swift; sourceTree = "<group>"; };
		FA4D34F22B03857D00D3D6B2 /* WordPairGeneratorTests.swift */ = {isa = PBXFileReference; lastKnownFileType = sourcecode.swift; path = WordPairGeneratorTests.swift; sourceTree = "<group>"; };
		FA4D34F42B03923500D3D6B2 /* TrainingWordsGame.swift */ = {isa = PBXFileReference; lastKnownFileType = sourcecode.swift; path = TrainingWordsGame.swift; sourceTree = "<group>"; };
		FA4D34F62B039BFE00D3D6B2 /* TrainigWordsGameTests.swift */ = {isa = PBXFileReference; lastKnownFileType = sourcecode.swift; path = TrainigWordsGameTests.swift; sourceTree = "<group>"; };
		FA4D34F82B039C5300D3D6B2 /* WordsListServiceMock.swift */ = {isa = PBXFileReference; lastKnownFileType = sourcecode.swift; path = WordsListServiceMock.swift; sourceTree = "<group>"; };
		FA4D34FA2B039CCF00D3D6B2 /* WordsPairGeneratorMock.swift */ = {isa = PBXFileReference; lastKnownFileType = sourcecode.swift; path = WordsPairGeneratorMock.swift; sourceTree = "<group>"; };
		FA4D34FC2B039DAF00D3D6B2 /* TrainingWordsGameOutputMock.swift */ = {isa = PBXFileReference; lastKnownFileType = sourcecode.swift; path = TrainingWordsGameOutputMock.swift; sourceTree = "<group>"; };
		FA4D34FE2B039EC900D3D6B2 /* WordListResponse+Stubs.swift */ = {isa = PBXFileReference; lastKnownFileType = sourcecode.swift; path = "WordListResponse+Stubs.swift"; sourceTree = "<group>"; };
		FA4D35002B03A2FB00D3D6B2 /* TrainingWordsViewModelTests.swift */ = {isa = PBXFileReference; lastKnownFileType = sourcecode.swift; path = TrainingWordsViewModelTests.swift; sourceTree = "<group>"; };
		FA4D35022B03A34700D3D6B2 /* TrainingWordGameMock.swift */ = {isa = PBXFileReference; lastKnownFileType = sourcecode.swift; path = TrainingWordGameMock.swift; sourceTree = "<group>"; };
		FAD4718F2B013FB000C01009 /* TranslateChecker.app */ = {isa = PBXFileReference; explicitFileType = wrapper.application; includeInIndex = 0; path = TranslateChecker.app; sourceTree = BUILT_PRODUCTS_DIR; };
		FAD471922B013FB000C01009 /* AppDelegate.swift */ = {isa = PBXFileReference; lastKnownFileType = sourcecode.swift; path = AppDelegate.swift; sourceTree = "<group>"; };
		FAD471942B013FB000C01009 /* SceneDelegate.swift */ = {isa = PBXFileReference; lastKnownFileType = sourcecode.swift; path = SceneDelegate.swift; sourceTree = "<group>"; };
		FAD4719B2B013FB500C01009 /* Assets.xcassets */ = {isa = PBXFileReference; lastKnownFileType = folder.assetcatalog; path = Assets.xcassets; sourceTree = "<group>"; };
		FAD4719E2B013FB500C01009 /* Base */ = {isa = PBXFileReference; lastKnownFileType = file.storyboard; name = Base; path = Base.lproj/LaunchScreen.storyboard; sourceTree = "<group>"; };
		FAD471A02B013FB500C01009 /* Info.plist */ = {isa = PBXFileReference; lastKnownFileType = text.plist.xml; path = Info.plist; sourceTree = "<group>"; };
		FAD471A52B013FB500C01009 /* TranslateCheckerTests.xctest */ = {isa = PBXFileReference; explicitFileType = wrapper.cfbundle; includeInIndex = 0; path = TranslateCheckerTests.xctest; sourceTree = BUILT_PRODUCTS_DIR; };
		FAE492202B014F9F008578BE /* WordListConfigurator.swift */ = {isa = PBXFileReference; lastKnownFileType = sourcecode.swift; path = WordListConfigurator.swift; sourceTree = "<group>"; };
		FAE492262B01508B008578BE /* WordListService.swift */ = {isa = PBXFileReference; lastKnownFileType = sourcecode.swift; path = WordListService.swift; sourceTree = "<group>"; };
		FAE492282B0150D1008578BE /* WordListFileService.swift */ = {isa = PBXFileReference; lastKnownFileType = sourcecode.swift; path = WordListFileService.swift; sourceTree = "<group>"; };
		FAE492312B0151DF008578BE /* Word.swift */ = {isa = PBXFileReference; lastKnownFileType = sourcecode.swift; path = Word.swift; sourceTree = "<group>"; };
		FAE492332B0153E0008578BE /* WordListResponse.swift */ = {isa = PBXFileReference; lastKnownFileType = sourcecode.swift; path = WordListResponse.swift; sourceTree = "<group>"; };
		FAE492372B015AD6008578BE /* WordListFileServiceTests.swift */ = {isa = PBXFileReference; lastKnownFileType = sourcecode.swift; path = WordListFileServiceTests.swift; sourceTree = "<group>"; };
		FAE4923F2B016121008578BE /* words.json */ = {isa = PBXFileReference; fileEncoding = 4; lastKnownFileType = text.json; path = words.json; sourceTree = "<group>"; };
		FAE492422B016A03008578BE /* FileReader.swift */ = {isa = PBXFileReference; lastKnownFileType = sourcecode.swift; path = FileReader.swift; sourceTree = "<group>"; };
		FAE492452B016E1F008578BE /* DefaultFileReaderTests.swift */ = {isa = PBXFileReference; lastKnownFileType = sourcecode.swift; path = DefaultFileReaderTests.swift; sourceTree = "<group>"; };
		FAE492482B01711E008578BE /* FileReaderMock.swift */ = {isa = PBXFileReference; lastKnownFileType = sourcecode.swift; path = FileReaderMock.swift; sourceTree = "<group>"; };
		FAE4924F2B017320008578BE /* Word+Stubs.swift */ = {isa = PBXFileReference; lastKnownFileType = sourcecode.swift; path = "Word+Stubs.swift"; sourceTree = "<group>"; };
/* End PBXFileReference section */

/* Begin PBXFrameworksBuildPhase section */
		FAD4718C2B013FB000C01009 /* Frameworks */ = {
			isa = PBXFrameworksBuildPhase;
			buildActionMask = 2147483647;
			files = (
			);
			runOnlyForDeploymentPostprocessing = 0;
		};
		FAD471A22B013FB500C01009 /* Frameworks */ = {
			isa = PBXFrameworksBuildPhase;
			buildActionMask = 2147483647;
			files = (
			);
			runOnlyForDeploymentPostprocessing = 0;
		};
/* End PBXFrameworksBuildPhase section */

/* Begin PBXGroup section */
		FA33078E2B02609F00105A26 /* Dashboard */ = {
			isa = PBXGroup;
			children = (
				FA3307992B0262DD00105A26 /* Views */,
				FA3307952B02616B00105A26 /* DashboardConfigurator.swift */,
				FA3307A22B02682B00105A26 /* DashboardViewModel.swift */,
				FA3307912B0260D800105A26 /* DashboardInput.swift */,
				FA3307932B0260F200105A26 /* DashboardOutput.swift */,
			);
			path = Dashboard;
			sourceTree = "<group>";
		};
		FA3307992B0262DD00105A26 /* Views */ = {
			isa = PBXGroup;
			children = (
				FA3307972B02620B00105A26 /* DashboardView.swift */,
			);
			path = Views;
			sourceTree = "<group>";
		};
		FA4D34DD2B02A81C00D3D6B2 /* TrainingWords */ = {
			isa = PBXGroup;
			children = (
				FA4D34F02B02C4C500D3D6B2 /* View */,
				FA4D34EE2B02C4AD00D3D6B2 /* Models */,
				FA4D34EF2B02C4B700D3D6B2 /* Services */,
				FA4D34E22B02AE1900D3D6B2 /* TrainingWordsConfigurator.swift */,
				FA4D34DE2B02A90400D3D6B2 /* TrainingWordsViewModel.swift */,
				FA4D34F42B03923500D3D6B2 /* TrainingWordsGame.swift */,
				FA4D34E62B02AE6B00D3D6B2 /* TrainingWordsOutput.swift */,
				FA4D34E42B02AE4600D3D6B2 /* TrainingWordsInput.swift */,
			);
			path = TrainingWords;
			sourceTree = "<group>";
		};
		FA4D34EE2B02C4AD00D3D6B2 /* Models */ = {
			isa = PBXGroup;
			children = (
				FA4D34EC2B02BB9A00D3D6B2 /* TrainingWordsGameScore.swift */,
				FA4D34EA2B02B78500D3D6B2 /* WordPair.swift */,
			);
			path = Models;
			sourceTree = "<group>";
		};
		FA4D34EF2B02C4B700D3D6B2 /* Services */ = {
			isa = PBXGroup;
			children = (
				FA4D34E82B02B73700D3D6B2 /* WordPairGenerator.swift */,
			);
			path = Services;
			sourceTree = "<group>";
		};
		FA4D34F02B02C4C500D3D6B2 /* View */ = {
			isa = PBXGroup;
			children = (
				FA4D34E02B02A95F00D3D6B2 /* TrainingWordsView.swift */,
			);
			path = View;
			sourceTree = "<group>";
		};
		FA4D34F12B03856000D3D6B2 /* TrainingWords */ = {
			isa = PBXGroup;
			children = (
				FA4D34F22B03857D00D3D6B2 /* WordPairGeneratorTests.swift */,
				FA4D34F62B039BFE00D3D6B2 /* TrainigWordsGameTests.swift */,
				FA4D35002B03A2FB00D3D6B2 /* TrainingWordsViewModelTests.swift */,
			);
			path = TrainingWords;
			sourceTree = "<group>";
		};
		FA9877982B02A5B800EAFEAE /* Dashboard */ = {
			isa = PBXGroup;
			children = (
			);
			path = Dashboard;
			sourceTree = "<group>";
		};
		FAD471862B013FB000C01009 = {
			isa = PBXGroup;
			children = (
				FAD471912B013FB000C01009 /* TranslateChecker */,
				FAD471A82B013FB500C01009 /* TranslateCheckerTests */,
				FAD471902B013FB000C01009 /* Products */,
			);
			sourceTree = "<group>";
		};
		FAD471902B013FB000C01009 /* Products */ = {
			isa = PBXGroup;
			children = (
				FAD4718F2B013FB000C01009 /* TranslateChecker.app */,
				FAD471A52B013FB500C01009 /* TranslateCheckerTests.xctest */,
			);
			name = Products;
			sourceTree = "<group>";
		};
		FAD471912B013FB000C01009 /* TranslateChecker */ = {
			isa = PBXGroup;
			children = (
				FA33078E2B02609F00105A26 /* Dashboard */,
				FA4D34DD2B02A81C00D3D6B2 /* TrainingWords */,
				FAE4921D2B014F29008578BE /* WordList */,
				FAE492412B0169F8008578BE /* Utils */,
				FAE0C1C42B0146D100ED2E53 /* Resources */,
				FAD471922B013FB000C01009 /* AppDelegate.swift */,
				FAD471942B013FB000C01009 /* SceneDelegate.swift */,
			);
			path = TranslateChecker;
			sourceTree = "<group>";
		};
		FAD471A82B013FB500C01009 /* TranslateCheckerTests */ = {
			isa = PBXGroup;
			children = (
				FA9877982B02A5B800EAFEAE /* Dashboard */,
				FA4D34F12B03856000D3D6B2 /* TrainingWords */,
				FAE492352B015ABE008578BE /* WordList */,
				FAE492442B016E11008578BE /* Utils */,
				FAE4924A2B01724F008578BE /* TestUtils */,
			);
			path = TranslateCheckerTests;
			sourceTree = "<group>";
		};
		FAE0C1C42B0146D100ED2E53 /* Resources */ = {
			isa = PBXGroup;
			children = (
				FA33078C2B025FD700105A26 /* words.json */,
				FAD4719B2B013FB500C01009 /* Assets.xcassets */,
				FAD4719D2B013FB500C01009 /* LaunchScreen.storyboard */,
				FAD471A02B013FB500C01009 /* Info.plist */,
			);
			path = Resources;
			sourceTree = "<group>";
		};
		FAE4921D2B014F29008578BE /* WordList */ = {
			isa = PBXGroup;
			children = (
				FAE492302B0151D4008578BE /* Models */,
				FAE4922F2B0151B9008578BE /* Services */,
				FAE492202B014F9F008578BE /* WordListConfigurator.swift */,
			);
			path = WordList;
			sourceTree = "<group>";
		};
		FAE4922F2B0151B9008578BE /* Services */ = {
			isa = PBXGroup;
			children = (
				FAE492262B01508B008578BE /* WordListService.swift */,
				FAE492282B0150D1008578BE /* WordListFileService.swift */,
			);
			path = Services;
			sourceTree = "<group>";
		};
		FAE492302B0151D4008578BE /* Models */ = {
			isa = PBXGroup;
			children = (
				FAE492312B0151DF008578BE /* Word.swift */,
				FAE492332B0153E0008578BE /* WordListResponse.swift */,
			);
			path = Models;
			sourceTree = "<group>";
		};
		FAE492352B015ABE008578BE /* WordList */ = {
			isa = PBXGroup;
			children = (
				FAE492362B015AC6008578BE /* Services */,
			);
			path = WordList;
			sourceTree = "<group>";
		};
		FAE492362B015AC6008578BE /* Services */ = {
			isa = PBXGroup;
			children = (
				FAE492372B015AD6008578BE /* WordListFileServiceTests.swift */,
			);
			path = Services;
			sourceTree = "<group>";
		};
		FAE492412B0169F8008578BE /* Utils */ = {
			isa = PBXGroup;
			children = (
				FAE492422B016A03008578BE /* FileReader.swift */,
			);
			path = Utils;
			sourceTree = "<group>";
		};
		FAE492442B016E11008578BE /* Utils */ = {
			isa = PBXGroup;
			children = (
				FAE492452B016E1F008578BE /* DefaultFileReaderTests.swift */,
			);
			path = Utils;
			sourceTree = "<group>";
		};
		FAE492472B017116008578BE /* Mocks */ = {
			isa = PBXGroup;
			children = (
				FAE492482B01711E008578BE /* FileReaderMock.swift */,
				FA4D34F82B039C5300D3D6B2 /* WordsListServiceMock.swift */,
				FA4D34FA2B039CCF00D3D6B2 /* WordsPairGeneratorMock.swift */,
				FA4D34FC2B039DAF00D3D6B2 /* TrainingWordsGameOutputMock.swift */,
				FA4D35022B03A34700D3D6B2 /* TrainingWordGameMock.swift */,
			);
			path = Mocks;
			sourceTree = "<group>";
		};
		FAE4924A2B01724F008578BE /* TestUtils */ = {
			isa = PBXGroup;
			children = (
				FAE4924E2B017313008578BE /* Stubs */,
				FAE492472B017116008578BE /* Mocks */,
			);
			path = TestUtils;
			sourceTree = "<group>";
		};
		FAE4924E2B017313008578BE /* Stubs */ = {
			isa = PBXGroup;
			children = (
				FAE4923F2B016121008578BE /* words.json */,
				FAE4924F2B017320008578BE /* Word+Stubs.swift */,
				FA4D34FE2B039EC900D3D6B2 /* WordListResponse+Stubs.swift */,
			);
			path = Stubs;
			sourceTree = "<group>";
		};
/* End PBXGroup section */

/* Begin PBXNativeTarget section */
		FAD4718E2B013FB000C01009 /* TranslateChecker */ = {
			isa = PBXNativeTarget;
			buildConfigurationList = FAD471B92B013FB600C01009 /* Build configuration list for PBXNativeTarget "TranslateChecker" */;
			buildPhases = (
				FAD4718B2B013FB000C01009 /* Sources */,
				FAD4718C2B013FB000C01009 /* Frameworks */,
				FAD4718D2B013FB000C01009 /* Resources */,
			);
			buildRules = (
			);
			dependencies = (
			);
			name = TranslateChecker;
			productName = TranslateChecker;
			productReference = FAD4718F2B013FB000C01009 /* TranslateChecker.app */;
			productType = "com.apple.product-type.application";
		};
		FAD471A42B013FB500C01009 /* TranslateCheckerTests */ = {
			isa = PBXNativeTarget;
			buildConfigurationList = FAD471BC2B013FB600C01009 /* Build configuration list for PBXNativeTarget "TranslateCheckerTests" */;
			buildPhases = (
				FAD471A12B013FB500C01009 /* Sources */,
				FAD471A22B013FB500C01009 /* Frameworks */,
				FAD471A32B013FB500C01009 /* Resources */,
			);
			buildRules = (
			);
			dependencies = (
				FAD471A72B013FB500C01009 /* PBXTargetDependency */,
			);
			name = TranslateCheckerTests;
			productName = TranslateCheckerTests;
			productReference = FAD471A52B013FB500C01009 /* TranslateCheckerTests.xctest */;
			productType = "com.apple.product-type.bundle.unit-test";
		};
/* End PBXNativeTarget section */

/* Begin PBXProject section */
		FAD471872B013FB000C01009 /* Project object */ = {
			isa = PBXProject;
			attributes = {
				BuildIndependentTargetsInParallel = 1;
				LastSwiftUpdateCheck = 1420;
				LastUpgradeCheck = 1420;
				TargetAttributes = {
					FAD4718E2B013FB000C01009 = {
						CreatedOnToolsVersion = 14.2;
					};
					FAD471A42B013FB500C01009 = {
						CreatedOnToolsVersion = 14.2;
						TestTargetID = FAD4718E2B013FB000C01009;
					};
				};
			};
			buildConfigurationList = FAD4718A2B013FB000C01009 /* Build configuration list for PBXProject "TranslateChecker" */;
			compatibilityVersion = "Xcode 14.0";
			developmentRegion = en;
			hasScannedForEncodings = 0;
			knownRegions = (
				en,
				Base,
			);
			mainGroup = FAD471862B013FB000C01009;
			productRefGroup = FAD471902B013FB000C01009 /* Products */;
			projectDirPath = "";
			projectRoot = "";
			targets = (
				FAD4718E2B013FB000C01009 /* TranslateChecker */,
				FAD471A42B013FB500C01009 /* TranslateCheckerTests */,
			);
		};
/* End PBXProject section */

/* Begin PBXResourcesBuildPhase section */
		FAD4718D2B013FB000C01009 /* Resources */ = {
			isa = PBXResourcesBuildPhase;
			buildActionMask = 2147483647;
			files = (
				FA33078D2B025FD700105A26 /* words.json in Resources */,
				FAD4719F2B013FB500C01009 /* LaunchScreen.storyboard in Resources */,
				FAD4719C2B013FB500C01009 /* Assets.xcassets in Resources */,
			);
			runOnlyForDeploymentPostprocessing = 0;
		};
		FAD471A32B013FB500C01009 /* Resources */ = {
			isa = PBXResourcesBuildPhase;
			buildActionMask = 2147483647;
			files = (
				FAE492402B016121008578BE /* words.json in Resources */,
			);
			runOnlyForDeploymentPostprocessing = 0;
		};
/* End PBXResourcesBuildPhase section */

/* Begin PBXSourcesBuildPhase section */
		FAD4718B2B013FB000C01009 /* Sources */ = {
			isa = PBXSourcesBuildPhase;
			buildActionMask = 2147483647;
			files = (
				FA3307A32B02682B00105A26 /* DashboardViewModel.swift in Sources */,
				FA3307962B02616B00105A26 /* DashboardConfigurator.swift in Sources */,
				FAE492432B016A03008578BE /* FileReader.swift in Sources */,
				FAE492212B014F9F008578BE /* WordListConfigurator.swift in Sources */,
				FA4D34DF2B02A90400D3D6B2 /* TrainingWordsViewModel.swift in Sources */,
				FAD471932B013FB000C01009 /* AppDelegate.swift in Sources */,
				FA4D34E92B02B73700D3D6B2 /* WordPairGenerator.swift in Sources */,
				FA4D34EB2B02B78500D3D6B2 /* WordPair.swift in Sources */,
				FAE492322B0151DF008578BE /* Word.swift in Sources */,
				FA4D34E32B02AE1900D3D6B2 /* TrainingWordsConfigurator.swift in Sources */,
				FA4D34E12B02A95F00D3D6B2 /* TrainingWordsView.swift in Sources */,
				FA3307942B0260F200105A26 /* DashboardOutput.swift in Sources */,
				FAE492342B0153E0008578BE /* WordListResponse.swift in Sources */,
				FA3307922B0260D800105A26 /* DashboardInput.swift in Sources */,
				FA3307982B02620B00105A26 /* DashboardView.swift in Sources */,
				FA4D34E52B02AE4600D3D6B2 /* TrainingWordsInput.swift in Sources */,
				FAE492292B0150D1008578BE /* WordListFileService.swift in Sources */,
				FAE492272B01508B008578BE /* WordListService.swift in Sources */,
				FA4D34ED2B02BB9A00D3D6B2 /* TrainingWordsGameScore.swift in Sources */,
				FA4D34F52B03923500D3D6B2 /* TrainingWordsGame.swift in Sources */,
				FA4D34E72B02AE6B00D3D6B2 /* TrainingWordsOutput.swift in Sources */,
				FAD471952B013FB000C01009 /* SceneDelegate.swift in Sources */,
			);
			runOnlyForDeploymentPostprocessing = 0;
		};
		FAD471A12B013FB500C01009 /* Sources */ = {
			isa = PBXSourcesBuildPhase;
			buildActionMask = 2147483647;
			files = (
				FAE492492B01711E008578BE /* FileReaderMock.swift in Sources */,
				FAE492462B016E20008578BE /* DefaultFileReaderTests.swift in Sources */,
				FAE492502B017320008578BE /* Word+Stubs.swift in Sources */,
				FA4D34FB2B039CCF00D3D6B2 /* WordsPairGeneratorMock.swift in Sources */,
				FA4D34F92B039C5300D3D6B2 /* WordsListServiceMock.swift in Sources */,
				FA4D35012B03A2FB00D3D6B2 /* TrainingWordsViewModelTests.swift in Sources */,
				FAE492382B015AD6008578BE /* WordListFileServiceTests.swift in Sources */,
				FA4D34FF2B039EC900D3D6B2 /* WordListResponse+Stubs.swift in Sources */,
				FA4D34F72B039BFE00D3D6B2 /* TrainigWordsGameTests.swift in Sources */,
				FA4D35032B03A34700D3D6B2 /* TrainingWordGameMock.swift in Sources */,
				FA4D34F32B03857D00D3D6B2 /* WordPairGeneratorTests.swift in Sources */,
				FA4D34FD2B039DAF00D3D6B2 /* TrainingWordsGameOutputMock.swift in Sources */,
			);
			runOnlyForDeploymentPostprocessing = 0;
		};
/* End PBXSourcesBuildPhase section */

/* Begin PBXTargetDependency section */
		FAD471A72B013FB500C01009 /* PBXTargetDependency */ = {
			isa = PBXTargetDependency;
			target = FAD4718E2B013FB000C01009 /* TranslateChecker */;
			targetProxy = FAD471A62B013FB500C01009 /* PBXContainerItemProxy */;
		};
/* End PBXTargetDependency section */

/* Begin PBXVariantGroup section */
		FAD4719D2B013FB500C01009 /* LaunchScreen.storyboard */ = {
			isa = PBXVariantGroup;
			children = (
				FAD4719E2B013FB500C01009 /* Base */,
			);
			name = LaunchScreen.storyboard;
			sourceTree = "<group>";
		};
/* End PBXVariantGroup section */

/* Begin XCBuildConfiguration section */
		FAD471B72B013FB600C01009 /* Debug */ = {
			isa = XCBuildConfiguration;
			buildSettings = {
				ALWAYS_SEARCH_USER_PATHS = NO;
				CLANG_ANALYZER_NONNULL = YES;
				CLANG_ANALYZER_NUMBER_OBJECT_CONVERSION = YES_AGGRESSIVE;
				CLANG_CXX_LANGUAGE_STANDARD = "gnu++20";
				CLANG_ENABLE_MODULES = YES;
				CLANG_ENABLE_OBJC_ARC = YES;
				CLANG_ENABLE_OBJC_WEAK = YES;
				CLANG_WARN_BLOCK_CAPTURE_AUTORELEASING = YES;
				CLANG_WARN_BOOL_CONVERSION = YES;
				CLANG_WARN_COMMA = YES;
				CLANG_WARN_CONSTANT_CONVERSION = YES;
				CLANG_WARN_DEPRECATED_OBJC_IMPLEMENTATIONS = YES;
				CLANG_WARN_DIRECT_OBJC_ISA_USAGE = YES_ERROR;
				CLANG_WARN_DOCUMENTATION_COMMENTS = YES;
				CLANG_WARN_EMPTY_BODY = YES;
				CLANG_WARN_ENUM_CONVERSION = YES;
				CLANG_WARN_INFINITE_RECURSION = YES;
				CLANG_WARN_INT_CONVERSION = YES;
				CLANG_WARN_NON_LITERAL_NULL_CONVERSION = YES;
				CLANG_WARN_OBJC_IMPLICIT_RETAIN_SELF = YES;
				CLANG_WARN_OBJC_LITERAL_CONVERSION = YES;
				CLANG_WARN_OBJC_ROOT_CLASS = YES_ERROR;
				CLANG_WARN_QUOTED_INCLUDE_IN_FRAMEWORK_HEADER = YES;
				CLANG_WARN_RANGE_LOOP_ANALYSIS = YES;
				CLANG_WARN_STRICT_PROTOTYPES = YES;
				CLANG_WARN_SUSPICIOUS_MOVE = YES;
				CLANG_WARN_UNGUARDED_AVAILABILITY = YES_AGGRESSIVE;
				CLANG_WARN_UNREACHABLE_CODE = YES;
				CLANG_WARN__DUPLICATE_METHOD_MATCH = YES;
				COPY_PHASE_STRIP = NO;
				DEBUG_INFORMATION_FORMAT = dwarf;
				ENABLE_STRICT_OBJC_MSGSEND = YES;
				ENABLE_TESTABILITY = YES;
				GCC_C_LANGUAGE_STANDARD = gnu11;
				GCC_DYNAMIC_NO_PIC = NO;
				GCC_NO_COMMON_BLOCKS = YES;
				GCC_OPTIMIZATION_LEVEL = 0;
				GCC_PREPROCESSOR_DEFINITIONS = (
					"DEBUG=1",
					"$(inherited)",
				);
				GCC_WARN_64_TO_32_BIT_CONVERSION = YES;
				GCC_WARN_ABOUT_RETURN_TYPE = YES_ERROR;
				GCC_WARN_UNDECLARED_SELECTOR = YES;
				GCC_WARN_UNINITIALIZED_AUTOS = YES_AGGRESSIVE;
				GCC_WARN_UNUSED_FUNCTION = YES;
				GCC_WARN_UNUSED_VARIABLE = YES;
				IPHONEOS_DEPLOYMENT_TARGET = 16.2;
				MTL_ENABLE_DEBUG_INFO = INCLUDE_SOURCE;
				MTL_FAST_MATH = YES;
				ONLY_ACTIVE_ARCH = YES;
				SDKROOT = iphoneos;
				SWIFT_ACTIVE_COMPILATION_CONDITIONS = DEBUG;
				SWIFT_OPTIMIZATION_LEVEL = "-Onone";
			};
			name = Debug;
		};
		FAD471B82B013FB600C01009 /* Release */ = {
			isa = XCBuildConfiguration;
			buildSettings = {
				ALWAYS_SEARCH_USER_PATHS = NO;
				CLANG_ANALYZER_NONNULL = YES;
				CLANG_ANALYZER_NUMBER_OBJECT_CONVERSION = YES_AGGRESSIVE;
				CLANG_CXX_LANGUAGE_STANDARD = "gnu++20";
				CLANG_ENABLE_MODULES = YES;
				CLANG_ENABLE_OBJC_ARC = YES;
				CLANG_ENABLE_OBJC_WEAK = YES;
				CLANG_WARN_BLOCK_CAPTURE_AUTORELEASING = YES;
				CLANG_WARN_BOOL_CONVERSION = YES;
				CLANG_WARN_COMMA = YES;
				CLANG_WARN_CONSTANT_CONVERSION = YES;
				CLANG_WARN_DEPRECATED_OBJC_IMPLEMENTATIONS = YES;
				CLANG_WARN_DIRECT_OBJC_ISA_USAGE = YES_ERROR;
				CLANG_WARN_DOCUMENTATION_COMMENTS = YES;
				CLANG_WARN_EMPTY_BODY = YES;
				CLANG_WARN_ENUM_CONVERSION = YES;
				CLANG_WARN_INFINITE_RECURSION = YES;
				CLANG_WARN_INT_CONVERSION = YES;
				CLANG_WARN_NON_LITERAL_NULL_CONVERSION = YES;
				CLANG_WARN_OBJC_IMPLICIT_RETAIN_SELF = YES;
				CLANG_WARN_OBJC_LITERAL_CONVERSION = YES;
				CLANG_WARN_OBJC_ROOT_CLASS = YES_ERROR;
				CLANG_WARN_QUOTED_INCLUDE_IN_FRAMEWORK_HEADER = YES;
				CLANG_WARN_RANGE_LOOP_ANALYSIS = YES;
				CLANG_WARN_STRICT_PROTOTYPES = YES;
				CLANG_WARN_SUSPICIOUS_MOVE = YES;
				CLANG_WARN_UNGUARDED_AVAILABILITY = YES_AGGRESSIVE;
				CLANG_WARN_UNREACHABLE_CODE = YES;
				CLANG_WARN__DUPLICATE_METHOD_MATCH = YES;
				COPY_PHASE_STRIP = NO;
				DEBUG_INFORMATION_FORMAT = "dwarf-with-dsym";
				ENABLE_NS_ASSERTIONS = NO;
				ENABLE_STRICT_OBJC_MSGSEND = YES;
				GCC_C_LANGUAGE_STANDARD = gnu11;
				GCC_NO_COMMON_BLOCKS = YES;
				GCC_WARN_64_TO_32_BIT_CONVERSION = YES;
				GCC_WARN_ABOUT_RETURN_TYPE = YES_ERROR;
				GCC_WARN_UNDECLARED_SELECTOR = YES;
				GCC_WARN_UNINITIALIZED_AUTOS = YES_AGGRESSIVE;
				GCC_WARN_UNUSED_FUNCTION = YES;
				GCC_WARN_UNUSED_VARIABLE = YES;
				IPHONEOS_DEPLOYMENT_TARGET = 16.2;
				MTL_ENABLE_DEBUG_INFO = NO;
				MTL_FAST_MATH = YES;
				SDKROOT = iphoneos;
				SWIFT_COMPILATION_MODE = wholemodule;
				SWIFT_OPTIMIZATION_LEVEL = "-O";
				VALIDATE_PRODUCT = YES;
			};
			name = Release;
		};
		FAD471BA2B013FB600C01009 /* Debug */ = {
			isa = XCBuildConfiguration;
			buildSettings = {
				ASSETCATALOG_COMPILER_APPICON_NAME = AppIcon;
				ASSETCATALOG_COMPILER_GLOBAL_ACCENT_COLOR_NAME = AccentColor;
				CODE_SIGN_STYLE = Automatic;
				CURRENT_PROJECT_VERSION = 1;
				GENERATE_INFOPLIST_FILE = YES;
				INFOPLIST_FILE = TranslateChecker/Resources/Info.plist;
				INFOPLIST_KEY_UIApplicationSupportsIndirectInputEvents = YES;
				INFOPLIST_KEY_UILaunchStoryboardName = LaunchScreen;
				INFOPLIST_KEY_UISupportedInterfaceOrientations_iPad = "UIInterfaceOrientationPortrait UIInterfaceOrientationPortraitUpsideDown UIInterfaceOrientationLandscapeLeft UIInterfaceOrientationLandscapeRight";
				INFOPLIST_KEY_UISupportedInterfaceOrientations_iPhone = "UIInterfaceOrientationPortrait UIInterfaceOrientationLandscapeLeft UIInterfaceOrientationLandscapeRight";
				LD_RUNPATH_SEARCH_PATHS = (
					"$(inherited)",
					"@executable_path/Frameworks",
				);
				MARKETING_VERSION = 1.0;
				PRODUCT_BUNDLE_IDENTIFIER = com.babbel.TranslateChecker;
				PRODUCT_NAME = "$(TARGET_NAME)";
				SWIFT_EMIT_LOC_STRINGS = YES;
				SWIFT_VERSION = 5.0;
				TARGETED_DEVICE_FAMILY = "1,2";
			};
			name = Debug;
		};
		FAD471BB2B013FB600C01009 /* Release */ = {
			isa = XCBuildConfiguration;
			buildSettings = {
				ASSETCATALOG_COMPILER_APPICON_NAME = AppIcon;
				ASSETCATALOG_COMPILER_GLOBAL_ACCENT_COLOR_NAME = AccentColor;
				CODE_SIGN_STYLE = Automatic;
				CURRENT_PROJECT_VERSION = 1;
				GENERATE_INFOPLIST_FILE = YES;
				INFOPLIST_FILE = TranslateChecker/Resources/Info.plist;
				INFOPLIST_KEY_UIApplicationSupportsIndirectInputEvents = YES;
				INFOPLIST_KEY_UILaunchStoryboardName = LaunchScreen;
				INFOPLIST_KEY_UISupportedInterfaceOrientations_iPad = "UIInterfaceOrientationPortrait UIInterfaceOrientationPortraitUpsideDown UIInterfaceOrientationLandscapeLeft UIInterfaceOrientationLandscapeRight";
				INFOPLIST_KEY_UISupportedInterfaceOrientations_iPhone = "UIInterfaceOrientationPortrait UIInterfaceOrientationLandscapeLeft UIInterfaceOrientationLandscapeRight";
				LD_RUNPATH_SEARCH_PATHS = (
					"$(inherited)",
					"@executable_path/Frameworks",
				);
				MARKETING_VERSION = 1.0;
				PRODUCT_BUNDLE_IDENTIFIER = com.babbel.TranslateChecker;
				PRODUCT_NAME = "$(TARGET_NAME)";
				SWIFT_EMIT_LOC_STRINGS = YES;
				SWIFT_VERSION = 5.0;
				TARGETED_DEVICE_FAMILY = "1,2";
			};
			name = Release;
		};
		FAD471BD2B013FB600C01009 /* Debug */ = {
			isa = XCBuildConfiguration;
			buildSettings = {
				ALWAYS_EMBED_SWIFT_STANDARD_LIBRARIES = YES;
				BUNDLE_LOADER = "$(TEST_HOST)";
				CODE_SIGN_STYLE = Automatic;
				CURRENT_PROJECT_VERSION = 1;
				GENERATE_INFOPLIST_FILE = YES;
				IPHONEOS_DEPLOYMENT_TARGET = 16.2;
				MARKETING_VERSION = 1.0;
				PRODUCT_BUNDLE_IDENTIFIER = com.babbel.TranslateCheckerTests;
				PRODUCT_NAME = "$(TARGET_NAME)";
				SWIFT_EMIT_LOC_STRINGS = NO;
				SWIFT_VERSION = 5.0;
				TARGETED_DEVICE_FAMILY = "1,2";
				TEST_HOST = "$(BUILT_PRODUCTS_DIR)/TranslateChecker.app/$(BUNDLE_EXECUTABLE_FOLDER_PATH)/TranslateChecker";
			};
			name = Debug;
		};
		FAD471BE2B013FB600C01009 /* Release */ = {
			isa = XCBuildConfiguration;
			buildSettings = {
				ALWAYS_EMBED_SWIFT_STANDARD_LIBRARIES = YES;
				BUNDLE_LOADER = "$(TEST_HOST)";
				CODE_SIGN_STYLE = Automatic;
				CURRENT_PROJECT_VERSION = 1;
				GENERATE_INFOPLIST_FILE = YES;
				IPHONEOS_DEPLOYMENT_TARGET = 16.2;
				MARKETING_VERSION = 1.0;
				PRODUCT_BUNDLE_IDENTIFIER = com.babbel.TranslateCheckerTests;
				PRODUCT_NAME = "$(TARGET_NAME)";
				SWIFT_EMIT_LOC_STRINGS = NO;
				SWIFT_VERSION = 5.0;
				TARGETED_DEVICE_FAMILY = "1,2";
				TEST_HOST = "$(BUILT_PRODUCTS_DIR)/TranslateChecker.app/$(BUNDLE_EXECUTABLE_FOLDER_PATH)/TranslateChecker";
			};
			name = Release;
		};
/* End XCBuildConfiguration section */

/* Begin XCConfigurationList section */
		FAD4718A2B013FB000C01009 /* Build configuration list for PBXProject "TranslateChecker" */ = {
			isa = XCConfigurationList;
			buildConfigurations = (
				FAD471B72B013FB600C01009 /* Debug */,
				FAD471B82B013FB600C01009 /* Release */,
			);
			defaultConfigurationIsVisible = 0;
			defaultConfigurationName = Release;
		};
		FAD471B92B013FB600C01009 /* Build configuration list for PBXNativeTarget "TranslateChecker" */ = {
			isa = XCConfigurationList;
			buildConfigurations = (
				FAD471BA2B013FB600C01009 /* Debug */,
				FAD471BB2B013FB600C01009 /* Release */,
			);
			defaultConfigurationIsVisible = 0;
			defaultConfigurationName = Release;
		};
		FAD471BC2B013FB600C01009 /* Build configuration list for PBXNativeTarget "TranslateCheckerTests" */ = {
			isa = XCConfigurationList;
			buildConfigurations = (
				FAD471BD2B013FB600C01009 /* Debug */,
				FAD471BE2B013FB600C01009 /* Release */,
			);
			defaultConfigurationIsVisible = 0;
			defaultConfigurationName = Release;
		};
/* End XCConfigurationList section */
	};
	rootObject = FAD471872B013FB000C01009 /* Project object */;
}
